
Microsoft Visual Studio Solution File, Format Version 12.00
# Visual Studio Version 17
VisualStudioVersion = 17.11.35327.3
MinimumVisualStudioVersion = 10.0.40219.1
Project("{FAE04EC0-301F-11D3-BF4B-00C04F79EFBC}") = "Assignment1", "Assignment1\Assignment1.csproj", "{1ABDFD3A-76D1-4BEC-9319-FD4D91FA587D}"
EndProject
Global
	GlobalSection(SolutionConfigurationPlatforms) = preSolution
		Debug|Any CPU = Debug|Any CPU
		Release|Any CPU = Release|Any CPU
	EndGlobalSection
	GlobalSection(ProjectConfigurationPlatforms) = postSolution
		{1ABDFD3A-76D1-4BEC-9319-FD4D91FA587D}.Debug|Any CPU.ActiveCfg = Debug|Any CPU
		{1ABDFD3A-76D1-4BEC-9319-FD4D91FA587D}.Debug|Any CPU.Build.0 = Debug|Any CPU
		{1ABDFD3A-76D1-4BEC-9319-FD4D91FA587D}.Release|Any CPU.ActiveCfg = Release|Any CPU
		{1ABDFD3A-76D1-4BEC-9319-FD4D91FA587D}.Release|Any CPU.Build.0 = Release|Any CPU
	EndGlobalSection
	GlobalSection(SolutionProperties) = preSolution
		HideSolutionNode = FALSE
	EndGlobalSection
	GlobalSection(ExtensibilityGlobals) = postSolution
		SolutionGuid = {EFC226A1-9AB4-4D8D-86E0-CA91C82B97B7}
	EndGlobalSection
EndGlobal
